
Microsoft Visual Studio Solution File, Format Version 12.00
# Visual Studio Version 16
VisualStudioVersion = 16.0.28729.10
MinimumVisualStudioVersion = 10.0.40219.1
Project("{9A19103F-16F7-4668-BE54-9A1E7A4F7556}") = "DeliveryService.API", "DeliveryService.API\DeliveryService.API.csproj", "{AD6843C0-10E0-4399-BC59-6AFDD0EF3FDD}"
EndProject
Project("{FAE04EC0-301F-11D3-BF4B-00C04F79EFBC}") = "DeliveryService.DL.Tests", "DeliveryService.DL.Tests\DeliveryService.DL.Tests.csproj", "{3BDCEB01-4FB6-4A03-B100-16755AE8A068}"
EndProject
Project("{FAE04EC0-301F-11D3-BF4B-00C04F79EFBC}") = "DeliveryService.DAL.Tests", "DeliveryService.DAL.Tests\DeliveryService.DAL.Tests.csproj", "{78D00041-B2C7-4CFA-B0C1-2A628FE08F67}"
EndProject
Global
	GlobalSection(SolutionConfigurationPlatforms) = preSolution
		Debug|Any CPU = Debug|Any CPU
		Release|Any CPU = Release|Any CPU
	EndGlobalSection
	GlobalSection(ProjectConfigurationPlatforms) = postSolution
		{AD6843C0-10E0-4399-BC59-6AFDD0EF3FDD}.Debug|Any CPU.ActiveCfg = Debug|Any CPU
		{AD6843C0-10E0-4399-BC59-6AFDD0EF3FDD}.Debug|Any CPU.Build.0 = Debug|Any CPU
		{AD6843C0-10E0-4399-BC59-6AFDD0EF3FDD}.Release|Any CPU.ActiveCfg = Release|Any CPU
		{AD6843C0-10E0-4399-BC59-6AFDD0EF3FDD}.Release|Any CPU.Build.0 = Release|Any CPU
		{3BDCEB01-4FB6-4A03-B100-16755AE8A068}.Debug|Any CPU.ActiveCfg = Debug|Any CPU
		{3BDCEB01-4FB6-4A03-B100-16755AE8A068}.Debug|Any CPU.Build.0 = Debug|Any CPU
		{3BDCEB01-4FB6-4A03-B100-16755AE8A068}.Release|Any CPU.ActiveCfg = Release|Any CPU
		{3BDCEB01-4FB6-4A03-B100-16755AE8A068}.Release|Any CPU.Build.0 = Release|Any CPU
		{78D00041-B2C7-4CFA-B0C1-2A628FE08F67}.Debug|Any CPU.ActiveCfg = Debug|Any CPU
		{78D00041-B2C7-4CFA-B0C1-2A628FE08F67}.Debug|Any CPU.Build.0 = Debug|Any CPU
		{78D00041-B2C7-4CFA-B0C1-2A628FE08F67}.Release|Any CPU.ActiveCfg = Release|Any CPU
		{78D00041-B2C7-4CFA-B0C1-2A628FE08F67}.Release|Any CPU.Build.0 = Release|Any CPU
	EndGlobalSection
	GlobalSection(SolutionProperties) = preSolution
		HideSolutionNode = FALSE
	EndGlobalSection
	GlobalSection(ExtensibilityGlobals) = postSolution
		SolutionGuid = {BDE6E21D-AE5A-4C61-94B9-8EE6950901E6}
	EndGlobalSection
EndGlobal
